
Microsoft Visual Studio Solution File, Format Version 12.00
# Visual Studio 2013
VisualStudioVersion = 12.0.30501.0
MinimumVisualStudioVersion = 10.0.40219.1
Project("{8BC9CEB8-8B4A-11D0-8D11-00A0C91BC942}") = "FileIO", "FileIO\FileIO.vcxproj", "{6705E7AA-3D04-4AD7-8073-5C110E34746E}"
EndProject
Global
	GlobalSection(SolutionConfigurationPlatforms) = preSolution
		Debug|Win32 = Debug|Win32
		Release|Win32 = Release|Win32
	EndGlobalSection
	GlobalSection(ProjectConfigurationPlatforms) = postSolution
		{6705E7AA-3D04-4AD7-8073-5C110E34746E}.Debug|Win32.ActiveCfg = Debug|Win32
		{6705E7AA-3D04-4AD7-8073-5C110E34746E}.Debug|Win32.Build.0 = Debug|Win32
		{6705E7AA-3D04-4AD7-8073-5C110E34746E}.Release|Win32.ActiveCfg = Release|Win32
		{6705E7AA-3D04-4AD7-8073-5C110E34746E}.Release|Win32.Build.0 = Release|Win32
	EndGlobalSection
	GlobalSection(SolutionProperties) = preSolution
		HideSolutionNode = FALSE
	EndGlobalSection
EndGlobal
